schema: '2.0'
stages:
  preprocess:
    cmd: PYTHONPATH=src uv run python -m recsys.pipeline.preprocess
    deps:
    - path: data/raw
      hash: md5
      md5: 299114f0f7fd95a7d09dc9f3b45bd8c7.dir
      size: 928454686
      nfiles: 6
    - path: src/recsys/config.py
      hash: md5
      md5: 771f2e08c6835bf1147e75de5355073d
      size: 3396
    - path: src/recsys/io.py
      hash: md5
      md5: d2aabd61832674e108626f818756e2c7
      size: 1189
    - path: src/recsys/pipeline/preprocess.py
      hash: md5
      md5: 7ca1219c6291085ef89c1ebf0c27b8bc
      size: 1044
    - path: src/recsys/preprocessing/data.py
      hash: md5
      md5: 19c690d6809d653206dea658eb65e685
      size: 1914
    params:
      configs/config.yaml:
        data:
          min_user_ratings: 20
          min_item_ratings: 20
          n_users_sample: 20000
          test_frac: 0.2
        seed: 42
    outs:
    - path: data/processed/interactions.parquet
      hash: md5
      md5: f736f02310ab1a115470d4d431b54041
      size: 30308674
    - path: data/processed/meta.json
      hash: md5
      md5: 67aeb197f7cbe497cb8c65e459ef595f
      size: 63
  feature_eng:
    cmd: PYTHONPATH=src uv run python -m recsys.pipeline.feature_eng
    deps:
    - path: data/processed/interactions.parquet
      hash: md5
      md5: f736f02310ab1a115470d4d431b54041
      size: 30308674
    - path: src/recsys/pipeline/feature_eng.py
      hash: md5
      md5: c44680f7f624251d56f1edf55f0596f2
      size: 968
    - path: src/recsys/preprocessing/split.py
      hash: md5
      md5: fc14c39e2b9b92e8c449c4e6a2dddcf2
      size: 2070
    params:
      configs/config.yaml:
        data.test_frac: 0.2
    outs:
    - path: data/processed/test.parquet
      hash: md5
      md5: 306fb13c7986300baa07d65c24c1f5b3
      size: 7003172
    - path: data/processed/train.parquet
      hash: md5
      md5: 1d294a76c056988408f30209cb74cd0c
      size: 24310160
  train:
    cmd: PYTHONPATH=src uv run python -m recsys.pipeline.train
    deps:
    - path: data/processed/interactions.parquet
      hash: md5
      md5: f736f02310ab1a115470d4d431b54041
      size: 30308674
    - path: data/processed/meta.json
      hash: md5
      md5: 67aeb197f7cbe497cb8c65e459ef595f
      size: 63
    - path: data/processed/test.parquet
      hash: md5
      md5: 306fb13c7986300baa07d65c24c1f5b3
      size: 7003172
    - path: data/processed/train.parquet
      hash: md5
      md5: 1d294a76c056988408f30209cb74cd0c
      size: 24310160
    - path: src/recsys/api/serving.py
      hash: md5
      md5: 16e65b87bf10eb987d939290212cd672
      size: 5929
    - path: src/recsys/evaluation
      hash: md5
      md5: 72f6210ba2b0fd5edc907a54a0e8eff0.dir
      size: 6869
      nfiles: 2
    - path: src/recsys/models
      hash: md5
      md5: 896086cdc734e2354266941bf981e229.dir
      size: 24146
      nfiles: 6
    - path: src/recsys/pipeline/train.py
      hash: md5
      md5: 3eeaa54d577129ece52f7a067f0b9942
      size: 3967
    - path: src/recsys/tracking.py
      hash: md5
      md5: fae6464775f66cfff5392653e52dc520
      size: 3504
    params:
      configs/config.yaml:
        eval:
          like_threshold: 3.5
          ranking_n_users: 500
          ranking_item_batch: 2048
        mlflow:
          experiment_name: MovieLens-Reco-Etapa2-Modelagem
        models:
          bias:
            reg: 10.0
          svd:
            n_components: 64
            seed: 42
          bpr:
            mf_emb_dim: 128
            mlp_emb_dim: 128
            mlp_layers:
            - 256
            - 128
            - 64
            dropout: 0.2
            lr: 0.001
            weight_decay: 0.0001
            n_neg: 10
            batch_size: 2048
            epochs: 100
            patience: 15
            grad_clip_norm: 1.0
            pop_alpha: 0.75
            val_users: 1000
            val_item_batch: 4096
            like_threshold: 3.5
        seed: 42
    outs:
    - path: models/bias.metrics.json
      hash: md5
      md5: 18e97c18878f66fbf55403e91429b338
      size: 379
    - path: models/bias.pkl
      hash: md5
      md5: 4cd508a415b6ef1151aba25510483f09
      size: 55311105
    - path: models/bpr.metrics.json
      hash: md5
      md5: 508b825caa86ab8cc47857a3b6f9028c
      size: 375
    - path: models/bpr.pkl
      hash: md5
      md5: 2a3ba1de68dbd76d2659ca7cc89dda6a
      size: 83521130
    - path: models/global_mean.metrics.json
      hash: md5
      md5: c4db6af61cc5fb690df80e457edc89e7
      size: 379
    - path: models/global_mean.pkl
      hash: md5
      md5: 7ac2e2dab4c936b175ee984ec8dd6715
      size: 55046252
    - path: models/popularity.metrics.json
      hash: md5
      md5: d8c76c814930906b68ee6ec291d09d7d
      size: 376
    - path: models/popularity.pkl
      hash: md5
      md5: 23d21c10b59474008514f9de83e5f2a9
      size: 55151016
    - path: models/serving.pkl
      hash: md5
      md5: cd683e38117b4b7d88551edadc69c1b9
      size: 8642778
    - path: models/svd.metrics.json
      hash: md5
      md5: 64b6edfcc8b0682015210c1f8a8dcb37
      size: 375
    - path: models/svd.pkl
      hash: md5
      md5: 95d355c4d053b122da51b525263c1bb0
      size: 63516915
  evaluate:
    cmd: PYTHONPATH=src uv run python -m recsys.pipeline.evaluate
    deps:
    - path: models/bias.metrics.json
      hash: md5
      md5: 18e97c18878f66fbf55403e91429b338
      size: 379
    - path: models/bpr.metrics.json
      hash: md5
      md5: 508b825caa86ab8cc47857a3b6f9028c
      size: 375
    - path: models/global_mean.metrics.json
      hash: md5
      md5: c4db6af61cc5fb690df80e457edc89e7
      size: 379
    - path: models/popularity.metrics.json
      hash: md5
      md5: d8c76c814930906b68ee6ec291d09d7d
      size: 376
    - path: models/svd.metrics.json
      hash: md5
      md5: 64b6edfcc8b0682015210c1f8a8dcb37
      size: 375
    - path: src/recsys/pipeline/evaluate.py
      hash: md5
      md5: f871e71eeefca207e7b7bffb4d64addc
      size: 2177
    - path: src/recsys/tracking.py
      hash: md5
      md5: fae6464775f66cfff5392653e52dc520
      size: 3504
    params:
      configs/config.yaml:
        mlflow:
          experiment_name: MovieLens-Reco-Etapa2-Modelagem
    outs:
    - path: comparison.csv
      hash: md5
      md5: 583870972f7893ecec0d0ebe8379262f
      size: 1212
    - path: metrics.json
      hash: md5
      md5: e4e1df7382e9c68757270bc34c1af8a0
      size: 2281
